
Microsoft Visual Studio Solution File, Format Version 12.00
# Visual Studio Version 17
VisualStudioVersion = 17.14.36109.1 d17.14
MinimumVisualStudioVersion = 10.0.40219.1
Project("{FAE04EC0-301F-11D3-BF4B-00C04F79EFBC}") = "LaptopBerles", "LaptopBerles.csproj", "{375F5125-87FA-402A-A44A-12AB2A12EA44}"
EndProject
Global
	GlobalSection(SolutionConfigurationPlatforms) = preSolution
		Debug|Any CPU = Debug|Any CPU
		Release|Any CPU = Release|Any CPU
	EndGlobalSection
	GlobalSection(ProjectConfigurationPlatforms) = postSolution
		{375F5125-87FA-402A-A44A-12AB2A12EA44}.Debug|Any CPU.ActiveCfg = Debug|Any CPU
		{375F5125-87FA-402A-A44A-12AB2A12EA44}.Debug|Any CPU.Build.0 = Debug|Any CPU
		{375F5125-87FA-402A-A44A-12AB2A12EA44}.Release|Any CPU.ActiveCfg = Release|Any CPU
		{375F5125-87FA-402A-A44A-12AB2A12EA44}.Release|Any CPU.Build.0 = Release|Any CPU
	EndGlobalSection
	GlobalSection(SolutionProperties) = preSolution
		HideSolutionNode = FALSE
	EndGlobalSection
	GlobalSection(ExtensibilityGlobals) = postSolution
		SolutionGuid = {33991F6C-6A8C-4002-BA44-4E7714FF9C48}
	EndGlobalSection
EndGlobal
